
Microsoft Visual Studio Solution File, Format Version 11.00
# Visual Studio 2010
Project("{FAE04EC0-301F-11D3-BF4B-00C04F79EFBC}") = "Assembly-CSharp", "Assembly-CSharp.csproj", "{4f1fbda4-9b59-b247-cdac-8ff059b54d55}"
EndProject
Project("{FAE04EC0-301F-11D3-BF4B-00C04F79EFBC}") = "Assembly-CSharp-firstpass", "Assembly-CSharp-firstpass.csproj", "{b8d01741-ae27-1b36-17dd-eab578408362}"
EndProject
Global
	GlobalSection(SolutionConfigurationPlatforms) = preSolution
		Debug|Any CPU = Debug|Any CPU
	EndGlobalSection
	GlobalSection(ProjectConfigurationPlatforms) = postSolution
		{4f1fbda4-9b59-b247-cdac-8ff059b54d55}.Debug|Any CPU.ActiveCfg = Debug|Any CPU
		{4f1fbda4-9b59-b247-cdac-8ff059b54d55}.Debug|Any CPU.Build.0 = Debug|Any CPU
		{b8d01741-ae27-1b36-17dd-eab578408362}.Debug|Any CPU.ActiveCfg = Debug|Any CPU
		{b8d01741-ae27-1b36-17dd-eab578408362}.Debug|Any CPU.Build.0 = Debug|Any CPU
	EndGlobalSection
	GlobalSection(SolutionProperties) = preSolution
		HideSolutionNode = FALSE
	EndGlobalSection
EndGlobal
